// !$*UTF8*$!
{
	archiveVersion = 1;
	classes = {
	};
	objectVersion = 46;
	objects = {

/* Begin PBXBuildFile section */
		110871BB1C87837700CF04C2 /* bite.wav in Resources */ = {isa = PBXBuildFile; fileRef = 110871B61C87837700CF04C2 /* bite.wav */; };
		110871BC1C87837700CF04C2 /* cave-music.mp3 in Resources */ = {isa = PBXBuildFile; fileRef = 110871B71C87837700CF04C2 /* cave-music.mp3 */; };
		110871BD1C87837700CF04C2 /* death.wav in Resources */ = {isa = PBXBuildFile; fileRef = 110871B81C87837700CF04C2 /* death.wav */; };
		110871BE1C87837700CF04C2 /* heart.wav in Resources */ = {isa = PBXBuildFile; fileRef = 110871B91C87837700CF04C2 /* heart.wav */; };
		110871BF1C87837700CF04C2 /* skull.wav in Resources */ = {isa = PBXBuildFile; fileRef = 110871BA1C87837700CF04C2 /* skull.wav */; };
		1130C0E01C8700D800F77188 /* MonsterImg.swift in Sources */ = {isa = PBXBuildFile; fileRef = 1130C0DF1C8700D800F77188 /* MonsterImg.swift */; };
		11437D111C835E7D006B1355 /* AppDelegate.swift in Sources */ = {isa = PBXBuildFile; fileRef = 11437D101C835E7D006B1355 /* AppDelegate.swift */; };
		11437D131C835E7D006B1355 /* ViewController.swift in Sources */ = {isa = PBXBuildFile; fileRef = 11437D121C835E7D006B1355 /* ViewController.swift */; };
		11437D161C835E7D006B1355 /* Main.storyboard in Resources */ = {isa = PBXBuildFile; fileRef = 11437D141C835E7D006B1355 /* Main.storyboard */; };
		11437D181C835E7D006B1355 /* Assets.xcassets in Resources */ = {isa = PBXBuildFile; fileRef = 11437D171C835E7D006B1355 /* Assets.xcassets */; };
		11437D1B1C835E7D006B1355 /* LaunchScreen.storyboard in Resources */ = {isa = PBXBuildFile; fileRef = 11437D191C835E7D006B1355 /* LaunchScreen.storyboard */; };
		116753531C88354800526746 /* RockMonster.swift in Sources */ = {isa = PBXBuildFile; fileRef = 116753521C88354800526746 /* RockMonster.swift */; };
		116753551C88509700526746 /* drinking.mp3 in Resources */ = {isa = PBXBuildFile; fileRef = 116753541C88509700526746 /* drinking.mp3 */; };
		11D73D811C85001500DF52A1 /* DragImg.swift in Sources */ = {isa = PBXBuildFile; fileRef = 11D73D801C85001500DF52A1 /* DragImg.swift */; };
/* End PBXBuildFile section */

/* Begin PBXFileReference section */
		110871B61C87837700CF04C2 /* bite.wav */ = {isa = PBXFileReference; lastKnownFileType = audio.wav; path = bite.wav; sourceTree = "<group>"; };
		110871B71C87837700CF04C2 /* cave-music.mp3 */ = {isa = PBXFileReference; lastKnownFileType = audio.mp3; path = "cave-music.mp3"; sourceTree = "<group>"; };
		110871B81C87837700CF04C2 /* death.wav */ = {isa = PBXFileReference; lastKnownFileType = audio.wav; path = death.wav; sourceTree = "<group>"; };
		110871B91C87837700CF04C2 /* heart.wav */ = {isa = PBXFileReference; lastKnownFileType = audio.wav; path = heart.wav; sourceTree = "<group>"; };
		110871BA1C87837700CF04C2 /* skull.wav */ = {isa = PBXFileReference; lastKnownFileType = audio.wav; path = skull.wav; sourceTree = "<group>"; };
		1130C0DF1C8700D800F77188 /* MonsterImg.swift */ = {isa = PBXFileReference; fileEncoding = 4; lastKnownFileType = sourcecode.swift; path = MonsterImg.swift; sourceTree = "<group>"; };
		11437D0D1C835E7D006B1355 /* my-little-monster.app */ = {isa = PBXFileReference; explicitFileType = wrapper.application; includeInIndex = 0; path = "my-little-monster.app"; sourceTree = BUILT_PRODUCTS_DIR; };
		11437D101C835E7D006B1355 /* AppDelegate.swift */ = {isa = PBXFileReference; lastKnownFileType = sourcecode.swift; path = AppDelegate.swift; sourceTree = "<group>"; };
		11437D121C835E7D006B1355 /* ViewController.swift */ = {isa = PBXFileReference; lastKnownFileType = sourcecode.swift; path = ViewController.swift; sourceTree = "<group>"; };
		11437D151C835E7D006B1355 /* Base */ = {isa = PBXFileReference; lastKnownFileType = file.storyboard; name = Base; path = Base.lproj/Main.storyboard; sourceTree = "<group>"; };
		11437D171C835E7D006B1355 /* Assets.xcassets */ = {isa = PBXFileReference; lastKnownFileType = folder.assetcatalog; path = Assets.xcassets; sourceTree = "<group>"; };
		11437D1A1C835E7D006B1355 /* Base */ = {isa = PBXFileReference; lastKnownFileType = file.storyboard; name = Base; path = Base.lproj/LaunchScreen.storyboard; sourceTree = "<group>"; };
		11437D1C1C835E7D006B1355 /* Info.plist */ = {isa = PBXFileReference; lastKnownFileType = text.plist.xml; path = Info.plist; sourceTree = "<group>"; };
		116753521C88354800526746 /* RockMonster.swift */ = {isa = PBXFileReference; fileEncoding = 4; lastKnownFileType = sourcecode.swift; path = RockMonster.swift; sourceTree = "<group>"; };
		116753541C88509700526746 /* drinking.mp3 */ = {isa = PBXFileReference; lastKnownFileType = audio.mp3; path = drinking.mp3; sourceTree = "<group>"; };
		11D73D801C85001500DF52A1 /* DragImg.swift */ = {isa = PBXFileReference; fileEncoding = 4; lastKnownFileType = sourcecode.swift; path = DragImg.swift; sourceTree = "<group>"; };
/* End PBXFileReference section */

/* Begin PBXFrameworksBuildPhase section */
		11437D0A1C835E7D006B1355 /* Frameworks */ = {
			isa = PBXFrameworksBuildPhase;
			buildActionMask = 2147483647;
			files = (
			);
			runOnlyForDeploymentPostprocessing = 0;
		};
/* End PBXFrameworksBuildPhase section */

/* Begin PBXGroup section */
		11437D041C835E7D006B1355 = {
			isa = PBXGroup;
			children = (
				11437D0F1C835E7D006B1355 /* my-little-monster */,
				11437D0E1C835E7D006B1355 /* Products */,
			);
			sourceTree = "<group>";
		};
		11437D0E1C835E7D006B1355 /* Products */ = {
			isa = PBXGroup;
			children = (
				11437D0D1C835E7D006B1355 /* my-little-monster.app */,
			);
			name = Products;
			sourceTree = "<group>";
		};
		11437D0F1C835E7D006B1355 /* my-little-monster */ = {
			isa = PBXGroup;
			children = (
				116753541C88509700526746 /* drinking.mp3 */,
				110871B61C87837700CF04C2 /* bite.wav */,
				110871B71C87837700CF04C2 /* cave-music.mp3 */,
				110871B81C87837700CF04C2 /* death.wav */,
				110871B91C87837700CF04C2 /* heart.wav */,
				110871BA1C87837700CF04C2 /* skull.wav */,
				11437D101C835E7D006B1355 /* AppDelegate.swift */,
				11437D121C835E7D006B1355 /* ViewController.swift */,
				11437D141C835E7D006B1355 /* Main.storyboard */,
				11437D171C835E7D006B1355 /* Assets.xcassets */,
				11437D191C835E7D006B1355 /* LaunchScreen.storyboard */,
				11437D1C1C835E7D006B1355 /* Info.plist */,
				11D73D801C85001500DF52A1 /* DragImg.swift */,
				1130C0DF1C8700D800F77188 /* MonsterImg.swift */,
				116753521C88354800526746 /* RockMonster.swift */,
			);
			path = "my-little-monster";
			sourceTree = "<group>";
		};
/* End PBXGroup section */

/* Begin PBXNativeTarget section */
		11437D0C1C835E7D006B1355 /* my-little-monster */ = {
			isa = PBXNativeTarget;
			buildConfigurationList = 11437D1F1C835E7D006B1355 /* Build configuration list for PBXNativeTarget "my-little-monster" */;
			buildPhases = (
				11437D091C835E7D006B1355 /* Sources */,
				11437D0A1C835E7D006B1355 /* Frameworks */,
				11437D0B1C835E7D006B1355 /* Resources */,
			);
			buildRules = (
			);
			dependencies = (
			);
			name = "my-little-monster";
			productName = "my-little-monster";
			productReference = 11437D0D1C835E7D006B1355 /* my-little-monster.app */;
			productType = "com.apple.product-type.application";
		};
/* End PBXNativeTarget section */

/* Begin PBXProject section */
		11437D051C835E7D006B1355 /* Project object */ = {
			isa = PBXProject;
			attributes = {
				LastSwiftUpdateCheck = 0720;
				LastUpgradeCheck = 0720;
				ORGANIZATIONNAME = "Vyacheslav Horbach";
				TargetAttributes = {
					11437D0C1C835E7D006B1355 = {
						CreatedOnToolsVersion = 7.2;
						DevelopmentTeam = HJKK55TVH2;
					};
				};
			};
			buildConfigurationList = 11437D081C835E7D006B1355 /* Build configuration list for PBXProject "my-little-monster" */;
			compatibilityVersion = "Xcode 3.2";
			developmentRegion = English;
			hasScannedForEncodings = 0;
			knownRegions = (
				en,
				Base,
			);
			mainGroup = 11437D041C835E7D006B1355;
			productRefGroup = 11437D0E1C835E7D006B1355 /* Products */;
			projectDirPath = "";
			projectRoot = "";
			targets = (
				11437D0C1C835E7D006B1355 /* my-little-monster */,
			);
		};
/* End PBXProject section */

/* Begin PBXResourcesBuildPhase section */
		11437D0B1C835E7D006B1355 /* Resources */ = {
			isa = PBXResourcesBuildPhase;
			buildActionMask = 2147483647;
			files = (
				110871BF1C87837700CF04C2 /* skull.wav in Resources */,
				110871BB1C87837700CF04C2 /* bite.wav in Resources */,
				110871BD1C87837700CF04C2 /* death.wav in Resources */,
				116753551C88509700526746 /* drinking.mp3 in Resources */,
				110871BE1C87837700CF04C2 /* heart.wav in Resources */,
				110871BC1C87837700CF04C2 /* cave-music.mp3 in Resources */,
				11437D1B1C835E7D006B1355 /* LaunchScreen.storyboard in Resources */,
				11437D181C835E7D006B1355 /* Assets.xcassets in Resources */,
				11437D161C835E7D006B1355 /* Main.storyboard in Resources */,
			);
			runOnlyForDeploymentPostprocessing = 0;
		};
/* End PBXResourcesBuildPhase section */

/* Begin PBXSourcesBuildPhase section */
		11437D091C835E7D006B1355 /* Sources */ = {
			isa = PBXSourcesBuildPhase;
			buildActionMask = 2147483647;
			files = (
				1130C0E01C8700D800F77188 /* MonsterImg.swift in Sources */,
				116753531C88354800526746 /* RockMonster.swift in Sources */,
				11D73D811C85001500DF52A1 /* DragImg.swift in Sources */,
				11437D131C835E7D006B1355 /* ViewController.swift in Sources */,
				11437D111C835E7D006B1355 /* AppDelegate.swift in Sources */,
			);
			runOnlyForDeploymentPostprocessing = 0;
		};
/* End PBXSourcesBuildPhase section */

/* Begin PBXVariantGroup section */
		11437D141C835E7D006B1355 /* Main.storyboard */ = {
			isa = PBXVariantGroup;
			children = (
				11437D151C835E7D006B1355 /* Base */,
			);
			name = Main.storyboard;
			sourceTree = "<group>";
		};
		11437D191C835E7D006B1355 /* LaunchScreen.storyboard */ = {
			isa = PBXVariantGroup;
			children = (
				11437D1A1C835E7D006B1355 /* Base */,
			);
			name = LaunchScreen.storyboard;
			sourceTree = "<group>";
		};
/* End PBXVariantGroup section */

/* Begin XCBuildConfiguration section */
		11437D1D1C835E7D006B1355 /* Debug */ = {
			isa = XCBuildConfiguration;
			buildSettings = {
				ALWAYS_SEARCH_USER_PATHS = NO;
				CLANG_CXX_LANGUAGE_STANDARD = "gnu++0x";
				CLANG_CXX_LIBRARY = "libc++";
				CLANG_ENABLE_MODULES = YES;
				CLANG_ENABLE_OBJC_ARC = YES;
				CLANG_WARN_BOOL_CONVERSION = YES;
				CLANG_WARN_CONSTANT_CONVERSION = YES;
				CLANG_WARN_DIRECT_OBJC_ISA_USAGE = YES_ERROR;
				CLANG_WARN_EMPTY_BODY = YES;
				CLANG_WARN_ENUM_CONVERSION = YES;
				CLANG_WARN_INT_CONVERSION = YES;
				CLANG_WARN_OBJC_ROOT_CLASS = YES_ERROR;
				CLANG_WARN_UNREACHABLE_CODE = YES;
				CLANG_WARN__DUPLICATE_METHOD_MATCH = YES;
				"CODE_SIGN_IDENTITY[sdk=iphoneos*]" = "iPhone Developer";
				COPY_PHASE_STRIP = NO;
				DEBUG_INFORMATION_FORMAT = dwarf;
				ENABLE_STRICT_OBJC_MSGSEND = YES;
				ENABLE_TESTABILITY = YES;
				GCC_C_LANGUAGE_STANDARD = gnu99;
				GCC_DYNAMIC_NO_PIC = NO;
				GCC_NO_COMMON_BLOCKS = YES;
				GCC_OPTIMIZATION_LEVEL = 0;
				GCC_PREPROCESSOR_DEFINITIONS = (
					"DEBUG=1",
					"$(inherited)",
				);
				GCC_WARN_64_TO_32_BIT_CONVERSION = YES;
				GCC_WARN_ABOUT_RETURN_TYPE = YES_ERROR;
				GCC_WARN_UNDECLARED_SELECTOR = YES;
				GCC_WARN_UNINITIALIZED_AUTOS = YES_AGGRESSIVE;
				GCC_WARN_UNUSED_FUNCTION = YES;
				GCC_WARN_UNUSED_VARIABLE = YES;
				IPHONEOS_DEPLOYMENT_TARGET = 9.2;
				MTL_ENABLE_DEBUG_INFO = YES;
				ONLY_ACTIVE_ARCH = YES;
				SDKROOT = iphoneos;
				SWIFT_OPTIMIZATION_LEVEL = "-Onone";
				TARGETED_DEVICE_FAMILY = "1,2";
			};
			name = Debug;
		};
		11437D1E1C835E7D006B1355 /* Release */ = {
			isa = XCBuildConfiguration;
			buildSettings = {
				ALWAYS_SEARCH_USER_PATHS = NO;
				CLANG_CXX_LANGUAGE_STANDARD = "gnu++0x";
				CLANG_CXX_LIBRARY = "libc++";
				CLANG_ENABLE_MODULES = YES;
				CLANG_ENABLE_OBJC_ARC = YES;
				CLANG_WARN_BOOL_CONVERSION = YES;
				CLANG_WARN_CONSTANT_CONVERSION = YES;
				CLANG_WARN_DIRECT_OBJC_ISA_USAGE = YES_ERROR;
				CLANG_WARN_EMPTY_BODY = YES;
				CLANG_WARN_ENUM_CONVERSION = YES;
				CLANG_WARN_INT_CONVERSION = YES;
				CLANG_WARN_OBJC_ROOT_CLASS = YES_ERROR;
				CLANG_WARN_UNREACHABLE_CODE = YES;
				CLANG_WARN__DUPLICATE_METHOD_MATCH = YES;
				"CODE_SIGN_IDENTITY[sdk=iphoneos*]" = "iPhone Developer";
				COPY_PHASE_STRIP = NO;
				DEBUG_INFORMATION_FORMAT = "dwarf-with-dsym";
				ENABLE_NS_ASSERTIONS = NO;
				ENABLE_STRICT_OBJC_MSGSEND = YES;
				GCC_C_LANGUAGE_STANDARD = gnu99;
				GCC_NO_COMMON_BLOCKS = YES;
				GCC_WARN_64_TO_32_BIT_CONVERSION = YES;
				GCC_WARN_ABOUT_RETURN_TYPE = YES_ERROR;
				GCC_WARN_UNDECLARED_SELECTOR = YES;
				GCC_WARN_UNINITIALIZED_AUTOS = YES_AGGRESSIVE;
				GCC_WARN_UNUSED_FUNCTION = YES;
				GCC_WARN_UNUSED_VARIABLE = YES;
				IPHONEOS_DEPLOYMENT_TARGET = 9.2;
				MTL_ENABLE_DEBUG_INFO = NO;
				SDKROOT = iphoneos;
				TARGETED_DEVICE_FAMILY = "1,2";
				VALIDATE_PRODUCT = YES;
			};
			name = Release;
		};
		11437D201C835E7D006B1355 /* Debug */ = {
			isa = XCBuildConfiguration;
			buildSettings = {
				ASSETCATALOG_COMPILER_APPICON_NAME = AppIcon;
				INFOPLIST_FILE = "my-little-monster/Info.plist";
				LD_RUNPATH_SEARCH_PATHS = "$(inherited) @executable_path/Frameworks";
				PRODUCT_BUNDLE_IDENTIFIER = "com.VyacheslavHorbach.my-little-monster";
				PRODUCT_NAME = "$(TARGET_NAME)";
			};
			name = Debug;
		};
		11437D211C835E7D006B1355 /* Release */ = {
			isa = XCBuildConfiguration;
			buildSettings = {
				ASSETCATALOG_COMPILER_APPICON_NAME = AppIcon;
				INFOPLIST_FILE = "my-little-monster/Info.plist";
				LD_RUNPATH_SEARCH_PATHS = "$(inherited) @executable_path/Frameworks";
				PRODUCT_BUNDLE_IDENTIFIER = "com.VyacheslavHorbach.my-little-monster";
				PRODUCT_NAME = "$(TARGET_NAME)";
			};
			name = Release;
		};
/* End XCBuildConfiguration section */

/* Begin XCConfigurationList section */
		11437D081C835E7D006B1355 /* Build configuration list for PBXProject "my-little-monster" */ = {
			isa = XCConfigurationList;
			buildConfigurations = (
				11437D1D1C835E7D006B1355 /* Debug */,
				11437D1E1C835E7D006B1355 /* Release */,
			);
			defaultConfigurationIsVisible = 0;
			defaultConfigurationName = Release;
		};
		11437D1F1C835E7D006B1355 /* Build configuration list for PBXNativeTarget "my-little-monster" */ = {
			isa = XCConfigurationList;
			buildConfigurations = (
				11437D201C835E7D006B1355 /* Debug */,
				11437D211C835E7D006B1355 /* Release */,
			);
			defaultConfigurationIsVisible = 0;
			defaultConfigurationName = Release;
		};
/* End XCConfigurationList section */
	};
	rootObject = 11437D051C835E7D006B1355 /* Project object */;
}
